# THIS IS AN AUTOGENERATED FILE. DO NOT EDIT THIS FILE DIRECTLY.
# yarn lockfile v1


argparse@^1.0.7:
  version "1.0.10"
  resolved "https://registry.yarnpkg.com/argparse/-/argparse-1.0.10.tgz#bcd6791ea5ae09725e17e5ad988134cd40b3d911"
  dependencies:
    sprintf-js "~1.0.2"

balanced-match@^1.0.0:
  version "1.0.0"
  resolved "https://registry.yarnpkg.com/balanced-match/-/balanced-match-1.0.0.tgz#89b4d199ab2bee49de164ea02b89ce462d71b767"

billboard.js@^1.4.1:
  version "1.4.1"
  resolved "https://registry.yarnpkg.com/billboard.js/-/billboard.js-1.4.1.tgz#30f302685f65988b73d22e63a275e1d580f4b2f8"
  dependencies:
    d3 "^5.0.0"

brace-expansion@^1.1.7:
  version "1.1.11"
  resolved "https://registry.yarnpkg.com/brace-expansion/-/brace-expansion-1.1.11.tgz#3c7fcbf529d87226f3d2f52b966ff5271eb441dd"
  dependencies:
    balanced-match "^1.0.0"
    concat-map "0.0.1"

buffer-from@^1.0.0:
  version "1.0.0"
  resolved "https://registry.yarnpkg.com/buffer-from/-/buffer-from-1.0.0.tgz#4cb8832d23612589b0406e9e2956c17f06fdf531"

cartesian-product-generator@^1.1.0:
  version "1.1.0"
  resolved "https://registry.yarnpkg.com/cartesian-product-generator/-/cartesian-product-generator-1.1.0.tgz#8bc32b44b7406eeadac5acfbeb42d6a1acfa433c"
  dependencies:
    ind2sub "^2.0.0"

combinations-generator@^1.0.1:
  version "1.0.1"
  resolved "https://registry.yarnpkg.com/combinations-generator/-/combinations-generator-1.0.1.tgz#f0cb4da0cbcb55cce3bbe18612d19323fb939d14"

commander@2:
  version "2.15.1"
  resolved "https://registry.yarnpkg.com/commander/-/commander-2.15.1.tgz#df46e867d0fc2aec66a34662b406a9ccafff5b0f"

concat-map@0.0.1:
  version "0.0.1"
  resolved "https://registry.yarnpkg.com/concat-map/-/concat-map-0.0.1.tgz#d8a96bd77fd68df7793a73036a3ba0d5405d477b"

d3-array@1, d3-array@^1.1.1, d3-array@^1.2.0:
  version "1.2.1"
  resolved "https://registry.yarnpkg.com/d3-array/-/d3-array-1.2.1.tgz#d1ca33de2f6ac31efadb8e050a021d7e2396d5dc"

d3-array@1.2.0:
  version "1.2.0"
  resolved "https://registry.yarnpkg.com/d3-array/-/d3-array-1.2.0.tgz#147d269720e174c4057a7f42be8b0f3f2ba53108"

d3-axis@1, d3-axis@1.0.8:
  version "1.0.8"
  resolved "https://registry.yarnpkg.com/d3-axis/-/d3-axis-1.0.8.tgz#31a705a0b535e65759de14173a31933137f18efa"

d3-brush@1, d3-brush@1.0.4:
  version "1.0.4"
  resolved "https://registry.yarnpkg.com/d3-brush/-/d3-brush-1.0.4.tgz#00c2f238019f24f6c0a194a26d41a1530ffe7bc4"
  dependencies:
    d3-dispatch "1"
    d3-drag "1"
    d3-interpolate "1"
    d3-selection "1"
    d3-transition "1"

d3-chord@1, d3-chord@1.0.4:
  version "1.0.4"
  resolved "https://registry.yarnpkg.com/d3-chord/-/d3-chord-1.0.4.tgz#7dec4f0ba886f713fe111c45f763414f6f74ca2c"
  dependencies:
    d3-array "1"
    d3-path "1"

d3-collection@1, d3-collection@1.0.4:
  version "1.0.4"
  resolved "https://registry.yarnpkg.com/d3-collection/-/d3-collection-1.0.4.tgz#342dfd12837c90974f33f1cc0a785aea570dcdc2"

d3-color@1, d3-color@1.0.3:
  version "1.0.3"
  resolved "https://registry.yarnpkg.com/d3-color/-/d3-color-1.0.3.tgz#bc7643fca8e53a8347e2fbdaffa236796b58509b"

d3-contour@1:
  version "1.2.0"
  resolved "https://registry.yarnpkg.com/d3-contour/-/d3-contour-1.2.0.tgz#de3ea7991bbb652155ee2a803aeafd084be03b63"
  dependencies:
    d3-array "^1.1.1"

d3-dispatch@1, d3-dispatch@1.0.3:
  version "1.0.3"
  resolved "https://registry.yarnpkg.com/d3-dispatch/-/d3-dispatch-1.0.3.tgz#46e1491eaa9b58c358fce5be4e8bed626e7871f8"

d3-drag@1:
  version "1.2.1"
  resolved "https://registry.yarnpkg.com/d3-drag/-/d3-drag-1.2.1.tgz#df8dd4c502fb490fc7462046a8ad98a5c479282d"
  dependencies:
    d3-dispatch "1"
    d3-selection "1"

d3-drag@1.1.1:
  version "1.1.1"
  resolved "https://registry.yarnpkg.com/d3-drag/-/d3-drag-1.1.1.tgz#b5155304433b18ba38726b2184d0098e820dc64b"
  dependencies:
    d3-dispatch "1"
    d3-selection "1"

d3-dsv@1:
  version "1.0.8"
  resolved "https://registry.yarnpkg.com/d3-dsv/-/d3-dsv-1.0.8.tgz#907e240d57b386618dc56468bacfe76bf19764ae"
  dependencies:
    commander "2"
    iconv-lite "0.4"
    rw "1"

d3-dsv@1.0.5:
  version "1.0.5"
  resolved "https://registry.yarnpkg.com/d3-dsv/-/d3-dsv-1.0.5.tgz#419f7db47f628789fc3fdb636e678449d0821136"
  dependencies:
    commander "2"
    iconv-lite "0.4"
    rw "1"

d3-ease@1, d3-ease@1.0.3:
  version "1.0.3"
  resolved "https://registry.yarnpkg.com/d3-ease/-/d3-ease-1.0.3.tgz#68bfbc349338a380c44d8acc4fbc3304aa2d8c0e"

d3-fetch@1:
  version "1.1.0"
  resolved "https://registry.yarnpkg.com/d3-fetch/-/d3-fetch-1.1.0.tgz#31cbcd506b21d6519ac6a120a079de8d0a57c00f"
  dependencies:
    d3-dsv "1"

d3-force@1:
  version "1.1.0"
  resolved "https://registry.yarnpkg.com/d3-force/-/d3-force-1.1.0.tgz#cebf3c694f1078fcc3d4daf8e567b2fbd70d4ea3"
  dependencies:
    d3-collection "1"
    d3-dispatch "1"
    d3-quadtree "1"
    d3-timer "1"

d3-force@1.0.6:
  version "1.0.6"
  resolved "https://registry.yarnpkg.com/d3-force/-/d3-force-1.0.6.tgz#ea7e1b7730e2664cd314f594d6718c57cc132b79"
  dependencies:
    d3-collection "1"
    d3-dispatch "1"
    d3-quadtree "1"
    d3-timer "1"

d3-format@1:
  version "1.2.2"
  resolved "https://registry.yarnpkg.com/d3-format/-/d3-format-1.2.2.tgz#1a39c479c8a57fe5051b2e67a3bee27061a74e7a"

d3-format@1.2.0:
  version "1.2.0"
  resolved "https://registry.yarnpkg.com/d3-format/-/d3-format-1.2.0.tgz#6b480baa886885d4651dc248a8f4ac9da16db07a"

d3-geo@1:
  version "1.10.0"
  resolved "https://registry.yarnpkg.com/d3-geo/-/d3-geo-1.10.0.tgz#2972d18014f1e38fc1f8bb6d545377bdfb00c9ab"
  dependencies:
    d3-array "1"

d3-geo@1.6.4:
  version "1.6.4"
  resolved "https://registry.yarnpkg.com/d3-geo/-/d3-geo-1.6.4.tgz#f20e1e461cb1845f5a8be55ab6f876542a7e3199"
  dependencies:
    d3-array "1"

d3-hierarchy@1:
  version "1.1.6"
  resolved "https://registry.yarnpkg.com/d3-hierarchy/-/d3-hierarchy-1.1.6.tgz#842c1372090f870b7ea013ebae5c0c8d9f56229c"

d3-hierarchy@1.1.5:
  version "1.1.5"
  resolved "https://registry.yarnpkg.com/d3-hierarchy/-/d3-hierarchy-1.1.5.tgz#a1c845c42f84a206bcf1c01c01098ea4ddaa7a26"

d3-interpolate@1:
  version "1.1.6"
  resolved "https://registry.yarnpkg.com/d3-interpolate/-/d3-interpolate-1.1.6.tgz#2cf395ae2381804df08aa1bf766b7f97b5f68fb6"
  dependencies:
    d3-color "1"

d3-interpolate@1.1.5:
  version "1.1.5"
  resolved "https://registry.yarnpkg.com/d3-interpolate/-/d3-interpolate-1.1.5.tgz#69e099ff39214716e563c9aec3ea9d1ea4b8a79f"
  dependencies:
    d3-color "1"

d3-path@1, d3-path@1.0.5:
  version "1.0.5"
  resolved "https://registry.yarnpkg.com/d3-path/-/d3-path-1.0.5.tgz#241eb1849bd9e9e8021c0d0a799f8a0e8e441764"

d3-polygon@1, d3-polygon@1.0.3:
  version "1.0.3"
  resolved "https://registry.yarnpkg.com/d3-polygon/-/d3-polygon-1.0.3.tgz#16888e9026460933f2b179652ad378224d382c62"

d3-quadtree@1, d3-quadtree@1.0.3:
  version "1.0.3"
  resolved "https://registry.yarnpkg.com/d3-quadtree/-/d3-quadtree-1.0.3.tgz#ac7987e3e23fe805a990f28e1b50d38fcb822438"

d3-queue@3.0.7:
  version "3.0.7"
  resolved "https://registry.yarnpkg.com/d3-queue/-/d3-queue-3.0.7.tgz#c93a2e54b417c0959129d7d73f6cf7d4292e7618"

d3-random@1, d3-random@1.1.0:
  version "1.1.0"
  resolved "https://registry.yarnpkg.com/d3-random/-/d3-random-1.1.0.tgz#6642e506c6fa3a648595d2b2469788a8d12529d3"

d3-request@1.0.5:
  version "1.0.5"
  resolved "https://registry.yarnpkg.com/d3-request/-/d3-request-1.0.5.tgz#4daae946d1dd0d57dfe01f022956354958d51f23"
  dependencies:
    d3-collection "1"
    d3-dispatch "1"
    d3-dsv "1"
    xmlhttprequest "1"

d3-scale-chromatic@1:
  version "1.3.0"
  resolved "https://registry.yarnpkg.com/d3-scale-chromatic/-/d3-scale-chromatic-1.3.0.tgz#7ee38ffcaa7ad55cfed83a6a668aac5570c653c4"
  dependencies:
    d3-color "1"
    d3-interpolate "1"

d3-scale@1.0.6:
  version "1.0.6"
  resolved "https://registry.yarnpkg.com/d3-scale/-/d3-scale-1.0.6.tgz#bce19da80d3a0cf422c9543ae3322086220b34ed"
  dependencies:
    d3-array "^1.2.0"
    d3-collection "1"
    d3-color "1"
    d3-format "1"
    d3-interpolate "1"
    d3-time "1"
    d3-time-format "2"

d3-scale@2:
  version "2.0.0"
  resolved "https://registry.yarnpkg.com/d3-scale/-/d3-scale-2.0.0.tgz#fd8ac78381bc2ed741d8c71770437a5e0549a5a5"
  dependencies:
    d3-array "^1.2.0"
    d3-collection "1"
    d3-format "1"
    d3-interpolate "1"
    d3-time "1"
    d3-time-format "2"

d3-selection@1, d3-selection@^1.1.0:
  version "1.3.0"
  resolved "https://registry.yarnpkg.com/d3-selection/-/d3-selection-1.3.0.tgz#d53772382d3dc4f7507bfb28bcd2d6aed2a0ad6d"

d3-selection@1.1.0:
  version "1.1.0"
  resolved "https://registry.yarnpkg.com/d3-selection/-/d3-selection-1.1.0.tgz#1998684896488f839ca0372123da34f1d318809c"

d3-shape@1, d3-shape@1.2.0:
  version "1.2.0"
  resolved "https://registry.yarnpkg.com/d3-shape/-/d3-shape-1.2.0.tgz#45d01538f064bafd05ea3d6d2cb748fd8c41f777"
  dependencies:
    d3-path "1"

d3-time-format@2:
  version "2.1.1"
  resolved "https://registry.yarnpkg.com/d3-time-format/-/d3-time-format-2.1.1.tgz#85b7cdfbc9ffca187f14d3c456ffda268081bb31"
  dependencies:
    d3-time "1"

d3-time-format@2.0.5:
  version "2.0.5"
  resolved "https://registry.yarnpkg.com/d3-time-format/-/d3-time-format-2.0.5.tgz#9d7780204f7c9119c9170b1a56db4de9a8af972e"
  dependencies:
    d3-time "1"

d3-time@1:
  version "1.0.8"
  resolved "https://registry.yarnpkg.com/d3-time/-/d3-time-1.0.8.tgz#dbd2d6007bf416fe67a76d17947b784bffea1e84"

d3-time@1.0.7:
  version "1.0.7"
  resolved "https://registry.yarnpkg.com/d3-time/-/d3-time-1.0.7.tgz#94caf6edbb7879bb809d0d1f7572bc48482f7270"

d3-timer@1:
  version "1.0.7"
  resolved "https://registry.yarnpkg.com/d3-timer/-/d3-timer-1.0.7.tgz#df9650ca587f6c96607ff4e60cc38229e8dd8531"

d3-timer@1.0.6:
  version "1.0.6"
  resolved "https://registry.yarnpkg.com/d3-timer/-/d3-timer-1.0.6.tgz#4044bf15d7025c06ce7d1149f73cd07b54dbd784"

d3-transition@1:
  version "1.1.1"
  resolved "https://registry.yarnpkg.com/d3-transition/-/d3-transition-1.1.1.tgz#d8ef89c3b848735b060e54a39b32aaebaa421039"
  dependencies:
    d3-color "1"
    d3-dispatch "1"
    d3-ease "1"
    d3-interpolate "1"
    d3-selection "^1.1.0"
    d3-timer "1"

d3-transition@1.1.0:
  version "1.1.0"
  resolved "https://registry.yarnpkg.com/d3-transition/-/d3-transition-1.1.0.tgz#cfc85c74e5239324290546623572990560c3966f"
  dependencies:
    d3-color "1"
    d3-dispatch "1"
    d3-ease "1"
    d3-interpolate "1"
    d3-selection "^1.1.0"
    d3-timer "1"

d3-voronoi@1, d3-voronoi@1.1.2:
  version "1.1.2"
  resolved "https://registry.yarnpkg.com/d3-voronoi/-/d3-voronoi-1.1.2.tgz#1687667e8f13a2d158c80c1480c5a29cb0d8973c"

d3-zoom@1:
  version "1.7.1"
  resolved "https://registry.yarnpkg.com/d3-zoom/-/d3-zoom-1.7.1.tgz#02f43b3c3e2db54f364582d7e4a236ccc5506b63"
  dependencies:
    d3-dispatch "1"
    d3-drag "1"
    d3-interpolate "1"
    d3-selection "1"
    d3-transition "1"

d3-zoom@1.5.0:
  version "1.5.0"
  resolved "https://registry.yarnpkg.com/d3-zoom/-/d3-zoom-1.5.0.tgz#8417de9a077f98f9ce83b1998efb8ee12b4db26e"
  dependencies:
    d3-dispatch "1"
    d3-drag "1"
    d3-interpolate "1"
    d3-selection "1"
    d3-transition "1"

d3@4.10.0:
  version "4.10.0"
  resolved "https://registry.yarnpkg.com/d3/-/d3-4.10.0.tgz#0bcca3a3b614e2fd45b1b5bd0b9164d57352a862"
  dependencies:
    d3-array "1.2.0"
    d3-axis "1.0.8"
    d3-brush "1.0.4"
    d3-chord "1.0.4"
    d3-collection "1.0.4"
    d3-color "1.0.3"
    d3-dispatch "1.0.3"
    d3-drag "1.1.1"
    d3-dsv "1.0.5"
    d3-ease "1.0.3"
    d3-force "1.0.6"
    d3-format "1.2.0"
    d3-geo "1.6.4"
    d3-hierarchy "1.1.5"
    d3-interpolate "1.1.5"
    d3-path "1.0.5"
    d3-polygon "1.0.3"
    d3-quadtree "1.0.3"
    d3-queue "3.0.7"
    d3-random "1.1.0"
    d3-request "1.0.5"
    d3-scale "1.0.6"
    d3-selection "1.1.0"
    d3-shape "1.2.0"
    d3-time "1.0.7"
    d3-time-format "2.0.5"
    d3-timer "1.0.6"
    d3-transition "1.1.0"
    d3-voronoi "1.1.2"
    d3-zoom "1.5.0"

d3@^5.0.0:
  version "5.4.0"
  resolved "https://registry.yarnpkg.com/d3/-/d3-5.4.0.tgz#090199a8569d1de23d04a3ff07fe136095fea74e"
  dependencies:
    d3-array "1"
    d3-axis "1"
    d3-brush "1"
    d3-chord "1"
    d3-collection "1"
    d3-color "1"
    d3-contour "1"
    d3-dispatch "1"
    d3-drag "1"
    d3-dsv "1"
    d3-ease "1"
    d3-fetch "1"
    d3-force "1"
    d3-format "1"
    d3-geo "1"
    d3-hierarchy "1"
    d3-interpolate "1"
    d3-path "1"
    d3-polygon "1"
    d3-quadtree "1"
    d3-random "1"
    d3-scale "2"
    d3-scale-chromatic "1"
    d3-selection "1"
    d3-shape "1"
    d3-time "1"
    d3-time-format "2"
    d3-timer "1"
    d3-transition "1"
    d3-voronoi "1"
    d3-zoom "1"

emuto@^1.37.1:
  version "1.37.1"
  resolved "https://registry.yarnpkg.com/emuto/-/emuto-1.37.1.tgz#e3433fc4e9e9b3bf8c21142ae7c984d7fab2ed3b"
  dependencies:
    cartesian-product-generator "^1.1.0"
    combinations-generator "^1.0.1"
    parsimmon "^1.12.0"

fast-deep-equal@^2.0.1:
  version "2.0.1"
  resolved "https://registry.yarnpkg.com/fast-deep-equal/-/fast-deep-equal-2.0.1.tgz#7b05218ddf9667bf7f370bf7fdb2cb15fdd0aa49"

fd-slicer@^1.0.1, fd-slicer@^1.1.0:
  version "1.1.0"
  resolved "https://registry.yarnpkg.com/fd-slicer/-/fd-slicer-1.1.0.tgz#25c7c89cb1f9077f8891bbe61d8f390eae256f1e"
  dependencies:
    pend "~1.2.0"

fs.realpath@^1.0.0:
  version "1.0.0"
  resolved "https://registry.yarnpkg.com/fs.realpath/-/fs.realpath-1.0.0.tgz#1504ad2523158caa40db4a2787cb01411994ea4f"

glob@^7.0.5:
  version "7.1.3"
  resolved "https://registry.yarnpkg.com/glob/-/glob-7.1.3.tgz#3960832d3f1574108342dafd3a67b332c0969df1"
  dependencies:
    fs.realpath "^1.0.0"
    inflight "^1.0.4"
    inherits "2"
    minimatch "^3.0.4"
    once "^1.3.0"
    path-is-absolute "^1.0.0"

iconv-lite@0.4:
  version "0.4.19"
  resolved "https://registry.yarnpkg.com/iconv-lite/-/iconv-lite-0.4.19.tgz#f7468f60135f5e5dad3399c0a81be9a1603a082b"

ind2sub@^2.0.0:
  version "2.0.0"
  resolved "https://registry.yarnpkg.com/ind2sub/-/ind2sub-2.0.0.tgz#323158a584fb4ed494ec600508b87af2fcd38219"

inflight@^1.0.4:
  version "1.0.6"
  resolved "https://registry.yarnpkg.com/inflight/-/inflight-1.0.6.tgz#49bd6331d7d02d0c09bc910a1075ba8165b56df9"
  dependencies:
    once "^1.3.0"
    wrappy "1"

inherits@2:
  version "2.0.3"
  resolved "https://registry.yarnpkg.com/inherits/-/inherits-2.0.3.tgz#633c2c83e3da42a502f52466022480f4208261de"

jq-web@^0.1.3:
  version "0.1.5"
  resolved "https://registry.yarnpkg.com/jq-web/-/jq-web-0.1.5.tgz#3de502424831b0117e443f0550c670bef83884e1"

jq-web@^0.3.3:
  version "0.3.3"
  resolved "https://registry.yarnpkg.com/jq-web/-/jq-web-0.3.3.tgz#f928c9ea2db4264a0008e65163b10ad78ab23275"

just-dashboard-desktop@^1.0.1:
  version "1.0.1"
  resolved "https://registry.yarnpkg.com/just-dashboard-desktop/-/just-dashboard-desktop-1.0.1.tgz#425a661331d369e8d68f7077c0cdfff9eaf39723"
  dependencies:
    jq-web "^0.3.3"
    just-dashboard "https://github.com/kantord/just-dashboard.git#no-chunks"
    source-map-support "^0.5.6"

just-dashboard@^0.14.1:
  version "0.14.1"
  resolved "https://registry.yarnpkg.com/just-dashboard/-/just-dashboard-0.14.1.tgz#dc61bc083eba1c03f1acfa9eab52fe1776b06d54"
  dependencies:
    billboard.js "^1.4.1"
    d3 "4.10.0"
    emuto "^1.37.1"
    fast-deep-equal "^2.0.1"
    fd-slicer "^1.1.0"
    sassline "^2.1.2"
    spinkit "^1.2.5"
    yamljs "^0.3.0"

"just-dashboard@https://github.com/kantord/just-dashboard.git#no-chunks":
  version "0.0.0-development"
  uid cbef68255f2a18ef8876a5e70d37a5ee5acd657d
  resolved "https://github.com/kantord/just-dashboard.git#cbef68255f2a18ef8876a5e70d37a5ee5acd657d"
  dependencies:
    billboard.js "^1.4.1"
    d3 "4.10.0"
    fast-deep-equal "^2.0.1"
    fd-slicer "^1.0.1"
    jq-web "^0.1.3"
    sassline "^2.1.2"
    spinkit "^1.2.5"
    yamljs "^0.3.0"

minimatch@^3.0.4:
  version "3.0.4"
  resolved "https://registry.yarnpkg.com/minimatch/-/minimatch-3.0.4.tgz#5166e286457f03306064be5497e8dbb0c3d32083"
  dependencies:
    brace-expansion "^1.1.7"

once@^1.3.0:
  version "1.4.0"
  resolved "https://registry.yarnpkg.com/once/-/once-1.4.0.tgz#583b1aa775961d4b113ac17d9c50baef9dd76bd1"
  dependencies:
    wrappy "1"

parsimmon@^1.12.0:
  version "1.12.0"
  resolved "https://registry.yarnpkg.com/parsimmon/-/parsimmon-1.12.0.tgz#886a442fb30b5fc3c8e7c4994050f5cdcfe0ea90"

path-is-absolute@^1.0.0:
  version "1.0.1"
  resolved "https://registry.yarnpkg.com/path-is-absolute/-/path-is-absolute-1.0.1.tgz#174b9268735534ffbc7ace6bf53a5a9e1b5c5f5f"

pend@~1.2.0:
  version "1.2.0"
  resolved "https://registry.yarnpkg.com/pend/-/pend-1.2.0.tgz#7a57eb550a6783f9115331fcf4663d5c8e007a50"

rw@1:
  version "1.3.3"
  resolved "https://registry.yarnpkg.com/rw/-/rw-1.3.3.tgz#3f862dfa91ab766b14885ef4d01124bfda074fb4"

sassline@^2.1.2:
  version "2.1.2"
  resolved "https://registry.yarnpkg.com/sassline/-/sassline-2.1.2.tgz#798f66213209944c10b30bee880ad21d7c5d8514"

source-map-support@^0.5.6:
  version "0.5.6"
  resolved "https://registry.yarnpkg.com/source-map-support/-/source-map-support-0.5.6.tgz#4435cee46b1aab62b8e8610ce60f788091c51c13"
  dependencies:
    buffer-from "^1.0.0"
    source-map "^0.6.0"

source-map@^0.6.0:
  version "0.6.1"
  resolved "https://registry.yarnpkg.com/source-map/-/source-map-0.6.1.tgz#74722af32e9614e9c287a8d0bbde48b5e2f1a263"

spinkit@^1.2.5:
  version "1.2.5"
  resolved "https://registry.yarnpkg.com/spinkit/-/spinkit-1.2.5.tgz#90f9f466a20e8e39ef24da959c1e611c2a30dd54"

sprintf-js@~1.0.2:
  version "1.0.3"
  resolved "https://registry.yarnpkg.com/sprintf-js/-/sprintf-js-1.0.3.tgz#04e6926f662895354f3dd015203633b857297e2c"

wrappy@1:
  version "1.0.2"
  resolved "https://registry.yarnpkg.com/wrappy/-/wrappy-1.0.2.tgz#b5243d8f3ec1aa35f1364605bc0d1036e30ab69f"

xmlhttprequest@1:
  version "1.8.0"
  resolved "https://registry.yarnpkg.com/xmlhttprequest/-/xmlhttprequest-1.8.0.tgz#67fe075c5c24fef39f9d65f5f7b7fe75171968fc"

yamljs@^0.3.0:
  version "0.3.0"
  resolved "https://registry.yarnpkg.com/yamljs/-/yamljs-0.3.0.tgz#dc060bf267447b39f7304e9b2bfbe8b5a7ddb03b"
  dependencies:
    argparse "^1.0.7"
    glob "^7.0.5"
